
Microsoft Visual Studio Solution File, Format Version 12.00
# Visual Studio Version 17
VisualStudioVersion = 17.5.33516.290
MinimumVisualStudioVersion = 10.0.40219.1
Project("{888888A0-9F3D-457C-B088-3A5042F75D52}") = "EBookshelf", "EBookshelf\EBookshelf.pyproj", "{12027C58-4B7D-4499-828D-729C773B835A}"
EndProject
Global
	GlobalSection(SolutionConfigurationPlatforms) = preSolution
		Debug|Any CPU = Debug|Any CPU
		Release|Any CPU = Release|Any CPU
	EndGlobalSection
	GlobalSection(ProjectConfigurationPlatforms) = postSolution
		{12027C58-4B7D-4499-828D-729C773B835A}.Debug|Any CPU.ActiveCfg = Debug|Any CPU
		{12027C58-4B7D-4499-828D-729C773B835A}.Release|Any CPU.ActiveCfg = Release|Any CPU
	EndGlobalSection
	GlobalSection(SolutionProperties) = preSolution
		HideSolutionNode = FALSE
	EndGlobalSection
	GlobalSection(ExtensibilityGlobals) = postSolution
		SolutionGuid = {CDA91C9E-9185-4B9C-96E6-A5495E05C816}
	EndGlobalSection
EndGlobal
